
Microsoft Visual Studio Solution File, Format Version 12.00
# Visual Studio 15
VisualStudioVersion = 15.0.27004.2006
MinimumVisualStudioVersion = 10.0.40219.1
Project("{9A19103F-16F7-4668-BE54-9A1E7A4F7556}") = "cms", "cms\cms.csproj", "{C8EB521E-F3F3-4E46-B066-D9C9BE1BD357}"
EndProject
Project("{9A19103F-16F7-4668-BE54-9A1E7A4F7556}") = "cms.Infrastructure", "cms.Infrastructure\cms.Infrastructure.csproj", "{281B5EAB-C2CF-427C-A085-BFDC838155F5}"
EndProject
Project("{9A19103F-16F7-4668-BE54-9A1E7A4F7556}") = "cms.Utilities", "cms.Utilities\cms.Utilities.csproj", "{12EEAFF9-76DD-434D-8322-824AEF8A0F16}"
EndProject
Project("{9A19103F-16F7-4668-BE54-9A1E7A4F7556}") = "cms.Data", "cms.Data\cms.Data.csproj", "{627B2410-0CB5-43E1-8B53-45BD906CF6C3}"
EndProject
Project("{9A19103F-16F7-4668-BE54-9A1E7A4F7556}") = "cms.Data.EF", "cms.Data.EF\cms.Data.EF.csproj", "{478858C9-7919-4E16-81D5-359801454C17}"
EndProject
Project("{2150E333-8FDC-42A3-9474-1A3956D46DE8}") = "1 - Presentation", "1 - Presentation", "{123BEA84-B4D7-449A-902F-BED35EDBDE1C}"
EndProject
Project("{2150E333-8FDC-42A3-9474-1A3956D46DE8}") = "2 - Application", "2 - Application", "{62818DCC-E402-498B-BB52-89274638A7EA}"
EndProject
Project("{2150E333-8FDC-42A3-9474-1A3956D46DE8}") = "3 - Domain", "3 - Domain", "{60F50B25-9150-49A8-BB21-7BDAA7B39217}"
EndProject
Project("{2150E333-8FDC-42A3-9474-1A3956D46DE8}") = "4 - Infrastructure", "4 - Infrastructure", "{4F6CAFD7-7699-48BE-A537-D194664DC974}"
EndProject
Project("{FAE04EC0-301F-11D3-BF4B-00C04F79EFBC}") = "cms.Application", "cms.Application\cms.Application.csproj", "{75097E9B-F5B1-4C9B-BE0A-E97856A2C99D}"
EndProject
Global
	GlobalSection(SolutionConfigurationPlatforms) = preSolution
		Debug|Any CPU = Debug|Any CPU
		Release|Any CPU = Release|Any CPU
	EndGlobalSection
	GlobalSection(ProjectConfigurationPlatforms) = postSolution
		{C8EB521E-F3F3-4E46-B066-D9C9BE1BD357}.Debug|Any CPU.ActiveCfg = Debug|Any CPU
		{C8EB521E-F3F3-4E46-B066-D9C9BE1BD357}.Debug|Any CPU.Build.0 = Debug|Any CPU
		{C8EB521E-F3F3-4E46-B066-D9C9BE1BD357}.Release|Any CPU.ActiveCfg = Release|Any CPU
		{C8EB521E-F3F3-4E46-B066-D9C9BE1BD357}.Release|Any CPU.Build.0 = Release|Any CPU
		{281B5EAB-C2CF-427C-A085-BFDC838155F5}.Debug|Any CPU.ActiveCfg = Debug|Any CPU
		{281B5EAB-C2CF-427C-A085-BFDC838155F5}.Debug|Any CPU.Build.0 = Debug|Any CPU
		{281B5EAB-C2CF-427C-A085-BFDC838155F5}.Release|Any CPU.ActiveCfg = Release|Any CPU
		{281B5EAB-C2CF-427C-A085-BFDC838155F5}.Release|Any CPU.Build.0 = Release|Any CPU
		{12EEAFF9-76DD-434D-8322-824AEF8A0F16}.Debug|Any CPU.ActiveCfg = Debug|Any CPU
		{12EEAFF9-76DD-434D-8322-824AEF8A0F16}.Debug|Any CPU.Build.0 = Debug|Any CPU
		{12EEAFF9-76DD-434D-8322-824AEF8A0F16}.Release|Any CPU.ActiveCfg = Release|Any CPU
		{12EEAFF9-76DD-434D-8322-824AEF8A0F16}.Release|Any CPU.Build.0 = Release|Any CPU
		{627B2410-0CB5-43E1-8B53-45BD906CF6C3}.Debug|Any CPU.ActiveCfg = Debug|Any CPU
		{627B2410-0CB5-43E1-8B53-45BD906CF6C3}.Debug|Any CPU.Build.0 = Debug|Any CPU
		{627B2410-0CB5-43E1-8B53-45BD906CF6C3}.Release|Any CPU.ActiveCfg = Release|Any CPU
		{627B2410-0CB5-43E1-8B53-45BD906CF6C3}.Release|Any CPU.Build.0 = Release|Any CPU
		{478858C9-7919-4E16-81D5-359801454C17}.Debug|Any CPU.ActiveCfg = Debug|Any CPU
		{478858C9-7919-4E16-81D5-359801454C17}.Debug|Any CPU.Build.0 = Debug|Any CPU
		{478858C9-7919-4E16-81D5-359801454C17}.Release|Any CPU.ActiveCfg = Release|Any CPU
		{478858C9-7919-4E16-81D5-359801454C17}.Release|Any CPU.Build.0 = Release|Any CPU
		{75097E9B-F5B1-4C9B-BE0A-E97856A2C99D}.Debug|Any CPU.ActiveCfg = Debug|Any CPU
		{75097E9B-F5B1-4C9B-BE0A-E97856A2C99D}.Debug|Any CPU.Build.0 = Debug|Any CPU
		{75097E9B-F5B1-4C9B-BE0A-E97856A2C99D}.Release|Any CPU.ActiveCfg = Release|Any CPU
		{75097E9B-F5B1-4C9B-BE0A-E97856A2C99D}.Release|Any CPU.Build.0 = Release|Any CPU
	EndGlobalSection
	GlobalSection(SolutionProperties) = preSolution
		HideSolutionNode = FALSE
	EndGlobalSection
	GlobalSection(NestedProjects) = preSolution
		{C8EB521E-F3F3-4E46-B066-D9C9BE1BD357} = {123BEA84-B4D7-449A-902F-BED35EDBDE1C}
		{281B5EAB-C2CF-427C-A085-BFDC838155F5} = {4F6CAFD7-7699-48BE-A537-D194664DC974}
		{12EEAFF9-76DD-434D-8322-824AEF8A0F16} = {4F6CAFD7-7699-48BE-A537-D194664DC974}
		{627B2410-0CB5-43E1-8B53-45BD906CF6C3} = {60F50B25-9150-49A8-BB21-7BDAA7B39217}
		{478858C9-7919-4E16-81D5-359801454C17} = {60F50B25-9150-49A8-BB21-7BDAA7B39217}
		{75097E9B-F5B1-4C9B-BE0A-E97856A2C99D} = {62818DCC-E402-498B-BB52-89274638A7EA}
	EndGlobalSection
	GlobalSection(ExtensibilityGlobals) = postSolution
		SolutionGuid = {5E5786DA-4C7A-441C-A06E-B91AEF80E1DC}
	EndGlobalSection
EndGlobal
